
Microsoft Visual Studio Solution File, Format Version 12.00
# Visual Studio Version 16
VisualStudioVersion = 16.0.31205.134
MinimumVisualStudioVersion = 10.0.40219.1
Project("{FAE04EC0-301F-11D3-BF4B-00C04F79EFBC}") = "WCF_Hunde", "WCF_Hunde\WCF_Hunde.csproj", "{C94DCFFD-38F2-4C04-8AFE-BAFA02887BF4}"
EndProject
Global
	GlobalSection(SolutionConfigurationPlatforms) = preSolution
		Debug|Any CPU = Debug|Any CPU
		Release|Any CPU = Release|Any CPU
	EndGlobalSection
	GlobalSection(ProjectConfigurationPlatforms) = postSolution
		{C94DCFFD-38F2-4C04-8AFE-BAFA02887BF4}.Debug|Any CPU.ActiveCfg = Debug|Any CPU
		{C94DCFFD-38F2-4C04-8AFE-BAFA02887BF4}.Debug|Any CPU.Build.0 = Debug|Any CPU
		{C94DCFFD-38F2-4C04-8AFE-BAFA02887BF4}.Release|Any CPU.ActiveCfg = Release|Any CPU
		{C94DCFFD-38F2-4C04-8AFE-BAFA02887BF4}.Release|Any CPU.Build.0 = Release|Any CPU

	EndGlobalSection
	GlobalSection(SolutionProperties) = preSolution
		HideSolutionNode = FALSE
	EndGlobalSection
	GlobalSection(ExtensibilityGlobals) = postSolution
		SolutionGuid = {C6C25212-9DF5-4706-82C3-833021D5B1BA}
	EndGlobalSection
EndGlobal
